// !$*UTF8*$!
{
	archiveVersion = 1;
	classes = {
	};
	objectVersion = 46;
	objects = {

/* Begin PBXBuildFile section */
		13B07FBC1A68108700A75B9A /* AppDelegate.mm in Sources */ = {isa = PBXBuildFile; fileRef = 13B07FB01A68108700A75B9A /* AppDelegate.mm */; };
		13B07FBF1A68108700A75B9A /* Images.xcassets in Resources */ = {isa = PBXBuildFile; fileRef = 13B07FB51A68108700A75B9A /* Images.xcassets */; };
		13B07FC11A68108700A75B9A /* main.m in Sources */ = {isa = PBXBuildFile; fileRef = 13B07FB71A68108700A75B9A /* main.m */; };
		3E461D99554A48A4959DE609 /* SplashScreen.storyboard in Resources */ = {isa = PBXBuildFile; fileRef = AA286B85B6C04FC6940260E9 /* SplashScreen.storyboard */; };
		96905EF65AED1B983A6B3ABC /* libPods-bkApp.a in Frameworks */ = {isa = PBXBuildFile; fileRef = 58EEBF8E8E6FB1BC6CAF49B5 /* libPods-bkApp.a */; };
		B18059E884C0ABDD17F3DC3D /* ExpoModulesProvider.swift in Sources */ = {isa = PBXBuildFile; fileRef = FAC715A2D49A985799AEE119 /* ExpoModulesProvider.swift */; };
		BB2F792D24A3F905000567C9 /* Expo.plist in Resources */ = {isa = PBXBuildFile; fileRef = BB2F792C24A3F905000567C9 /* Expo.plist */; };
		079D308E68874CAFB868FF91 /* FlameBold.otf in Resources */ = {isa = PBXBuildFile; fileRef = 078C97E9F6604D0799DE1C19 /* FlameBold.otf */; };
		023B64C2B2CE4D55A22159BC /* Uniform Black.otf in Resources */ = {isa = PBXBuildFile; fileRef = 473BED0B38B34C46ABFE952E /* Uniform Black.otf */; };
		9EF37B11516249CB8B417793 /* Uniform Bold.otf in Resources */ = {isa = PBXBuildFile; fileRef = 40F56F8817194A27B070E5C0 /* Uniform Bold.otf */; };
		DBB818C808974E4CADD46A50 /* Uniform Condensed Black.otf in Resources */ = {isa = PBXBuildFile; fileRef = 22FF233966F2496598B15EB6 /* Uniform Condensed Black.otf */; };
		03E4BA41AB564177B00EFC7E /* Uniform Condensed Bold.otf in Resources */ = {isa = PBXBuildFile; fileRef = C937593D118547579B1AEFC1 /* Uniform Condensed Bold.otf */; };
		5F4CACCD801E419D926000EB /* Uniform Condensed Light.otf in Resources */ = {isa = PBXBuildFile; fileRef = 9E9C9EB4008D48CDB0DFF473 /* Uniform Condensed Light.otf */; };
		1DC3A012EEBD487A89324F07 /* Uniform Condensed Medium.otf in Resources */ = {isa = PBXBuildFile; fileRef = 2BEFF80EB4184718BC8B1932 /* Uniform Condensed Medium.otf */; };
		420B97EAB10443AAA789531C /* Uniform Condensed Ultra.otf in Resources */ = {isa = PBXBuildFile; fileRef = 614CB4DD8DD4410CA78264A6 /* Uniform Condensed Ultra.otf */; };
		71B91BF0A1F749CF9BD1A210 /* Uniform Condensed.otf in Resources */ = {isa = PBXBuildFile; fileRef = 75CC870487024157B57C80FB /* Uniform Condensed.otf */; };
		4D76FA52FC014756ABEA7C7E /* Uniform Extra Condensed Black.otf in Resources */ = {isa = PBXBuildFile; fileRef = F4C91A2ED8394E43AEAA975F /* Uniform Extra Condensed Black.otf */; };
		803B9415224C4322999408C8 /* Uniform Extra Condensed Bold.otf in Resources */ = {isa = PBXBuildFile; fileRef = 362947F1860D4056BC8BBCC8 /* Uniform Extra Condensed Bold.otf */; };
		741A0CCB50D247BD9440B5A4 /* Uniform Extra Condensed Light.otf in Resources */ = {isa = PBXBuildFile; fileRef = 80D764BEFACA418C823B53BB /* Uniform Extra Condensed Light.otf */; };
		A332E19F72564971847271D1 /* Uniform Extra Condensed Medium.otf in Resources */ = {isa = PBXBuildFile; fileRef = 757A4EF403274700992F9587 /* Uniform Extra Condensed Medium.otf */; };
		F67C99DC266841C4895670C2 /* Uniform Extra Condensed Ultra.otf in Resources */ = {isa = PBXBuildFile; fileRef = CAD9ACBED3274E6689E20A5E /* Uniform Extra Condensed Ultra.otf */; };
		0877679686C8487EA16ABF39 /* Uniform Extra Condensed.otf in Resources */ = {isa = PBXBuildFile; fileRef = 829E2AEC44324435939B629D /* Uniform Extra Condensed.otf */; };
		B5398EC7DA9848E592C69BA1 /* Uniform Light.otf in Resources */ = {isa = PBXBuildFile; fileRef = 5858CD3DAE314A6B8F5D6329 /* Uniform Light.otf */; };
		E1922284E6DF4964BEE33A23 /* Uniform Medium.otf in Resources */ = {isa = PBXBuildFile; fileRef = 6EAE72287E95400CA16E6322 /* Uniform Medium.otf */; };
		5A340970C96B40F3A36AAED5 /* Uniform Ultra.otf in Resources */ = {isa = PBXBuildFile; fileRef = 4ECA565BC4AE4E5DBAA29EB0 /* Uniform Ultra.otf */; };
		EC0FA8EC2C39459EA7E6B4D3 /* Uniform.otf in Resources */ = {isa = PBXBuildFile; fileRef = A2849EEB7004424A98697AD2 /* Uniform.otf */; };
		608F19E19CE1471CBBCA13B0 /* Insanibc.ttf in Resources */ = {isa = PBXBuildFile; fileRef = CE3F121368954AC9BD752DA1 /* Insanibc.ttf */; };
		EF766C25BB4C41DBB575BBA0 /* Insanibu.ttf in Resources */ = {isa = PBXBuildFile; fileRef = 1CC2E9D8B4104966B322F3F2 /* Insanibu.ttf */; };
		EDA2309BEAF0428681633BE0 /* noop-file.swift in Sources */ = {isa = PBXBuildFile; fileRef = 73DB0AA56B5C4D2CBBE8B7AC /* noop-file.swift */; };
/* End PBXBuildFile section */

/* Begin PBXFileReference section */
		13B07F961A680F5B00A75B9A /* bkApp.app */ = {isa = PBXFileReference; explicitFileType = wrapper.application; includeInIndex = 0; path = bkApp.app; sourceTree = BUILT_PRODUCTS_DIR; };
		13B07FAF1A68108700A75B9A /* AppDelegate.h */ = {isa = PBXFileReference; fileEncoding = 4; lastKnownFileType = sourcecode.c.h; name = AppDelegate.h; path = bkApp/AppDelegate.h; sourceTree = "<group>"; };
		13B07FB01A68108700A75B9A /* AppDelegate.mm */ = {isa = PBXFileReference; fileEncoding = 4; lastKnownFileType = sourcecode.cpp.objcpp; name = AppDelegate.mm; path = bkApp/AppDelegate.mm; sourceTree = "<group>"; };
		13B07FB51A68108700A75B9A /* Images.xcassets */ = {isa = PBXFileReference; lastKnownFileType = folder.assetcatalog; name = Images.xcassets; path = bkApp/Images.xcassets; sourceTree = "<group>"; };
		13B07FB61A68108700A75B9A /* Info.plist */ = {isa = PBXFileReference; fileEncoding = 4; lastKnownFileType = text.plist.xml; name = Info.plist; path = bkApp/Info.plist; sourceTree = "<group>"; };
		13B07FB71A68108700A75B9A /* main.m */ = {isa = PBXFileReference; fileEncoding = 4; lastKnownFileType = sourcecode.c.objc; name = main.m; path = bkApp/main.m; sourceTree = "<group>"; };
		58EEBF8E8E6FB1BC6CAF49B5 /* libPods-bkApp.a */ = {isa = PBXFileReference; explicitFileType = archive.ar; includeInIndex = 0; path = "libPods-bkApp.a"; sourceTree = BUILT_PRODUCTS_DIR; };
		6C2E3173556A471DD304B334 /* Pods-bkApp.debug.xcconfig */ = {isa = PBXFileReference; includeInIndex = 1; lastKnownFileType = text.xcconfig; name = "Pods-bkApp.debug.xcconfig"; path = "Target Support Files/Pods-bkApp/Pods-bkApp.debug.xcconfig"; sourceTree = "<group>"; };
		7A4D352CD337FB3A3BF06240 /* Pods-bkApp.release.xcconfig */ = {isa = PBXFileReference; includeInIndex = 1; lastKnownFileType = text.xcconfig; name = "Pods-bkApp.release.xcconfig"; path = "Target Support Files/Pods-bkApp/Pods-bkApp.release.xcconfig"; sourceTree = "<group>"; };
		AA286B85B6C04FC6940260E9 /* SplashScreen.storyboard */ = {isa = PBXFileReference; fileEncoding = 4; lastKnownFileType = file.storyboard; name = SplashScreen.storyboard; path = bkApp/SplashScreen.storyboard; sourceTree = "<group>"; };
		BB2F792C24A3F905000567C9 /* Expo.plist */ = {isa = PBXFileReference; fileEncoding = 4; lastKnownFileType = text.plist.xml; path = Expo.plist; sourceTree = "<group>"; };
		ED297162215061F000B7C4FE /* JavaScriptCore.framework */ = {isa = PBXFileReference; lastKnownFileType = wrapper.framework; name = JavaScriptCore.framework; path = System/Library/Frameworks/JavaScriptCore.framework; sourceTree = SDKROOT; };
		FAC715A2D49A985799AEE119 /* ExpoModulesProvider.swift */ = {isa = PBXFileReference; includeInIndex = 1; lastKnownFileType = sourcecode.swift; name = ExpoModulesProvider.swift; path = "Pods/Target Support Files/Pods-bkApp/ExpoModulesProvider.swift"; sourceTree = "<group>"; };
		078C97E9F6604D0799DE1C19 /* FlameBold.otf */ = {isa = PBXFileReference; name = "FlameBold.otf"; path = "../assets/fonts/FlameBold.otf"; sourceTree = "<group>"; fileEncoding = undefined; lastKnownFileType = unknown; explicitFileType = undefined; includeInIndex = 0; };
		473BED0B38B34C46ABFE952E /* Uniform Black.otf */ = {isa = PBXFileReference; name = "Uniform Black.otf"; path = "../assets/fonts/Uniform Black.otf"; sourceTree = "<group>"; fileEncoding = undefined; lastKnownFileType = unknown; explicitFileType = undefined; includeInIndex = 0; };
		40F56F8817194A27B070E5C0 /* Uniform Bold.otf */ = {isa = PBXFileReference; name = "Uniform Bold.otf"; path = "../assets/fonts/Uniform Bold.otf"; sourceTree = "<group>"; fileEncoding = undefined; lastKnownFileType = unknown; explicitFileType = undefined; includeInIndex = 0; };
		22FF233966F2496598B15EB6 /* Uniform Condensed Black.otf */ = {isa = PBXFileReference; name = "Uniform Condensed Black.otf"; path = "../assets/fonts/Uniform Condensed Black.otf"; sourceTree = "<group>"; fileEncoding = undefined; lastKnownFileType = unknown; explicitFileType = undefined; includeInIndex = 0; };
		C937593D118547579B1AEFC1 /* Uniform Condensed Bold.otf */ = {isa = PBXFileReference; name = "Uniform Condensed Bold.otf"; path = "../assets/fonts/Uniform Condensed Bold.otf"; sourceTree = "<group>"; fileEncoding = undefined; lastKnownFileType = unknown; explicitFileType = undefined; includeInIndex = 0; };
		9E9C9EB4008D48CDB0DFF473 /* Uniform Condensed Light.otf */ = {isa = PBXFileReference; name = "Uniform Condensed Light.otf"; path = "../assets/fonts/Uniform Condensed Light.otf"; sourceTree = "<group>"; fileEncoding = undefined; lastKnownFileType = unknown; explicitFileType = undefined; includeInIndex = 0; };
		2BEFF80EB4184718BC8B1932 /* Uniform Condensed Medium.otf */ = {isa = PBXFileReference; name = "Uniform Condensed Medium.otf"; path = "../assets/fonts/Uniform Condensed Medium.otf"; sourceTree = "<group>"; fileEncoding = undefined; lastKnownFileType = unknown; explicitFileType = undefined; includeInIndex = 0; };
		614CB4DD8DD4410CA78264A6 /* Uniform Condensed Ultra.otf */ = {isa = PBXFileReference; name = "Uniform Condensed Ultra.otf"; path = "../assets/fonts/Uniform Condensed Ultra.otf"; sourceTree = "<group>"; fileEncoding = undefined; lastKnownFileType = unknown; explicitFileType = undefined; includeInIndex = 0; };
		75CC870487024157B57C80FB /* Uniform Condensed.otf */ = {isa = PBXFileReference; name = "Uniform Condensed.otf"; path = "../assets/fonts/Uniform Condensed.otf"; sourceTree = "<group>"; fileEncoding = undefined; lastKnownFileType = unknown; explicitFileType = undefined; includeInIndex = 0; };
		F4C91A2ED8394E43AEAA975F /* Uniform Extra Condensed Black.otf */ = {isa = PBXFileReference; name = "Uniform Extra Condensed Black.otf"; path = "../assets/fonts/Uniform Extra Condensed Black.otf"; sourceTree = "<group>"; fileEncoding = undefined; lastKnownFileType = unknown; explicitFileType = undefined; includeInIndex = 0; };
		362947F1860D4056BC8BBCC8 /* Uniform Extra Condensed Bold.otf */ = {isa = PBXFileReference; name = "Uniform Extra Condensed Bold.otf"; path = "../assets/fonts/Uniform Extra Condensed Bold.otf"; sourceTree = "<group>"; fileEncoding = undefined; lastKnownFileType = unknown; explicitFileType = undefined; includeInIndex = 0; };
		80D764BEFACA418C823B53BB /* Uniform Extra Condensed Light.otf */ = {isa = PBXFileReference; name = "Uniform Extra Condensed Light.otf"; path = "../assets/fonts/Uniform Extra Condensed Light.otf"; sourceTree = "<group>"; fileEncoding = undefined; lastKnownFileType = unknown; explicitFileType = undefined; includeInIndex = 0; };
		757A4EF403274700992F9587 /* Uniform Extra Condensed Medium.otf */ = {isa = PBXFileReference; name = "Uniform Extra Condensed Medium.otf"; path = "../assets/fonts/Uniform Extra Condensed Medium.otf"; sourceTree = "<group>"; fileEncoding = undefined; lastKnownFileType = unknown; explicitFileType = undefined; includeInIndex = 0; };
		CAD9ACBED3274E6689E20A5E /* Uniform Extra Condensed Ultra.otf */ = {isa = PBXFileReference; name = "Uniform Extra Condensed Ultra.otf"; path = "../assets/fonts/Uniform Extra Condensed Ultra.otf"; sourceTree = "<group>"; fileEncoding = undefined; lastKnownFileType = unknown; explicitFileType = undefined; includeInIndex = 0; };
		829E2AEC44324435939B629D /* Uniform Extra Condensed.otf */ = {isa = PBXFileReference; name = "Uniform Extra Condensed.otf"; path = "../assets/fonts/Uniform Extra Condensed.otf"; sourceTree = "<group>"; fileEncoding = undefined; lastKnownFileType = unknown; explicitFileType = undefined; includeInIndex = 0; };
		5858CD3DAE314A6B8F5D6329 /* Uniform Light.otf */ = {isa = PBXFileReference; name = "Uniform Light.otf"; path = "../assets/fonts/Uniform Light.otf"; sourceTree = "<group>"; fileEncoding = undefined; lastKnownFileType = unknown; explicitFileType = undefined; includeInIndex = 0; };
		6EAE72287E95400CA16E6322 /* Uniform Medium.otf */ = {isa = PBXFileReference; name = "Uniform Medium.otf"; path = "../assets/fonts/Uniform Medium.otf"; sourceTree = "<group>"; fileEncoding = undefined; lastKnownFileType = unknown; explicitFileType = undefined; includeInIndex = 0; };
		4ECA565BC4AE4E5DBAA29EB0 /* Uniform Ultra.otf */ = {isa = PBXFileReference; name = "Uniform Ultra.otf"; path = "../assets/fonts/Uniform Ultra.otf"; sourceTree = "<group>"; fileEncoding = undefined; lastKnownFileType = unknown; explicitFileType = undefined; includeInIndex = 0; };
		A2849EEB7004424A98697AD2 /* Uniform.otf */ = {isa = PBXFileReference; name = "Uniform.otf"; path = "../assets/fonts/Uniform.otf"; sourceTree = "<group>"; fileEncoding = undefined; lastKnownFileType = unknown; explicitFileType = undefined; includeInIndex = 0; };
		CE3F121368954AC9BD752DA1 /* Insanibc.ttf */ = {isa = PBXFileReference; name = "Insanibc.ttf"; path = "../assets/fonts/Insanibc.ttf"; sourceTree = "<group>"; fileEncoding = undefined; lastKnownFileType = unknown; explicitFileType = undefined; includeInIndex = 0; };
		1CC2E9D8B4104966B322F3F2 /* Insanibu.ttf */ = {isa = PBXFileReference; name = "Insanibu.ttf"; path = "../assets/fonts/Insanibu.ttf"; sourceTree = "<group>"; fileEncoding = undefined; lastKnownFileType = unknown; explicitFileType = undefined; includeInIndex = 0; };
		73DB0AA56B5C4D2CBBE8B7AC /* noop-file.swift */ = {isa = PBXFileReference; name = "noop-file.swift"; path = "bkApp/noop-file.swift"; sourceTree = "<group>"; fileEncoding = 4; lastKnownFileType = sourcecode.swift; explicitFileType = undefined; includeInIndex = 0; };
		8D34590D49DE4C398762072D /* bkApp-Bridging-Header.h */ = {isa = PBXFileReference; name = "bkApp-Bridging-Header.h"; path = "bkApp/bkApp-Bridging-Header.h"; sourceTree = "<group>"; fileEncoding = 4; lastKnownFileType = sourcecode.c.h; explicitFileType = undefined; includeInIndex = 0; };
/* End PBXFileReference section */

/* Begin PBXFrameworksBuildPhase section */
		13B07F8C1A680F5B00A75B9A /* Frameworks */ = {
			isa = PBXFrameworksBuildPhase;
			buildActionMask = 2147483647;
			files = (
				96905EF65AED1B983A6B3ABC /* libPods-bkApp.a in Frameworks */,
			);
			runOnlyForDeploymentPostprocessing = 0;
		};
/* End PBXFrameworksBuildPhase section */

/* Begin PBXGroup section */
		13B07FAE1A68108700A75B9A /* bkApp */ = {
			isa = PBXGroup;
			children = (
				BB2F792B24A3F905000567C9 /* Supporting */,
				13B07FAF1A68108700A75B9A /* AppDelegate.h */,
				13B07FB01A68108700A75B9A /* AppDelegate.mm */,
				13B07FB51A68108700A75B9A /* Images.xcassets */,
				13B07FB61A68108700A75B9A /* Info.plist */,
				13B07FB71A68108700A75B9A /* main.m */,
				AA286B85B6C04FC6940260E9 /* SplashScreen.storyboard */,
				73DB0AA56B5C4D2CBBE8B7AC /* noop-file.swift */,
				8D34590D49DE4C398762072D /* bkApp-Bridging-Header.h */,
			);
			name = bkApp;
			sourceTree = "<group>";
		};
		2D16E6871FA4F8E400B85C8A /* Frameworks */ = {
			isa = PBXGroup;
			children = (
				ED297162215061F000B7C4FE /* JavaScriptCore.framework */,
				58EEBF8E8E6FB1BC6CAF49B5 /* libPods-bkApp.a */,
			);
			name = Frameworks;
			sourceTree = "<group>";
		};
		832341AE1AAA6A7D00B99B32 /* Libraries */ = {
			isa = PBXGroup;
			children = (
			);
			name = Libraries;
			sourceTree = "<group>";
		};
		83CBB9F61A601CBA00E9B192 = {
			isa = PBXGroup;
			children = (
				13B07FAE1A68108700A75B9A /* bkApp */,
				832341AE1AAA6A7D00B99B32 /* Libraries */,
				83CBBA001A601CBA00E9B192 /* Products */,
				2D16E6871FA4F8E400B85C8A /* Frameworks */,
				D65327D7A22EEC0BE12398D9 /* Pods */,
				D7E4C46ADA2E9064B798F356 /* ExpoModulesProviders */,
				A32A1D4B6C554D9FA253F520 /* Resources */,
			);
			indentWidth = 2;
			sourceTree = "<group>";
			tabWidth = 2;
			usesTabs = 0;
		};
		83CBBA001A601CBA00E9B192 /* Products */ = {
			isa = PBXGroup;
			children = (
				13B07F961A680F5B00A75B9A /* bkApp.app */,
			);
			name = Products;
			sourceTree = "<group>";
		};
		92DBD88DE9BF7D494EA9DA96 /* bkApp */ = {
			isa = PBXGroup;
			children = (
				FAC715A2D49A985799AEE119 /* ExpoModulesProvider.swift */,
			);
			name = bkApp;
			sourceTree = "<group>";
		};
		BB2F792B24A3F905000567C9 /* Supporting */ = {
			isa = PBXGroup;
			children = (
				BB2F792C24A3F905000567C9 /* Expo.plist */,
			);
			name = Supporting;
			path = bkApp/Supporting;
			sourceTree = "<group>";
		};
		D65327D7A22EEC0BE12398D9 /* Pods */ = {
			isa = PBXGroup;
			children = (
				6C2E3173556A471DD304B334 /* Pods-bkApp.debug.xcconfig */,
				7A4D352CD337FB3A3BF06240 /* Pods-bkApp.release.xcconfig */,
			);
			path = Pods;
			sourceTree = "<group>";
		};
		D7E4C46ADA2E9064B798F356 /* ExpoModulesProviders */ = {
			isa = PBXGroup;
			children = (
				92DBD88DE9BF7D494EA9DA96 /* bkApp */,
			);
			name = ExpoModulesProviders;
			sourceTree = "<group>";
		};
		A32A1D4B6C554D9FA253F520 /* Resources */ = {
			isa = "PBXGroup";
			children = (
				078C97E9F6604D0799DE1C19 /* FlameBold.otf */,
				473BED0B38B34C46ABFE952E /* Uniform Black.otf */,
				40F56F8817194A27B070E5C0 /* Uniform Bold.otf */,
				22FF233966F2496598B15EB6 /* Uniform Condensed Black.otf */,
				C937593D118547579B1AEFC1 /* Uniform Condensed Bold.otf */,
				9E9C9EB4008D48CDB0DFF473 /* Uniform Condensed Light.otf */,
				2BEFF80EB4184718BC8B1932 /* Uniform Condensed Medium.otf */,
				614CB4DD8DD4410CA78264A6 /* Uniform Condensed Ultra.otf */,
				75CC870487024157B57C80FB /* Uniform Condensed.otf */,
				F4C91A2ED8394E43AEAA975F /* Uniform Extra Condensed Black.otf */,
				362947F1860D4056BC8BBCC8 /* Uniform Extra Condensed Bold.otf */,
				80D764BEFACA418C823B53BB /* Uniform Extra Condensed Light.otf */,
				757A4EF403274700992F9587 /* Uniform Extra Condensed Medium.otf */,
				CAD9ACBED3274E6689E20A5E /* Uniform Extra Condensed Ultra.otf */,
				829E2AEC44324435939B629D /* Uniform Extra Condensed.otf */,
				5858CD3DAE314A6B8F5D6329 /* Uniform Light.otf */,
				6EAE72287E95400CA16E6322 /* Uniform Medium.otf */,
				4ECA565BC4AE4E5DBAA29EB0 /* Uniform Ultra.otf */,
				A2849EEB7004424A98697AD2 /* Uniform.otf */,
				CE3F121368954AC9BD752DA1 /* Insanibc.ttf */,
				1CC2E9D8B4104966B322F3F2 /* Insanibu.ttf */,
			);
			name = Resources;
			sourceTree = "<group>";
			path = "";
		};
/* End PBXGroup section */

/* Begin PBXNativeTarget section */
		13B07F861A680F5B00A75B9A /* bkApp */ = {
			isa = PBXNativeTarget;
			buildConfigurationList = 13B07F931A680F5B00A75B9A /* Build configuration list for PBXNativeTarget "bkApp" */;
			buildPhases = (
				08A4A3CD28434E44B6B9DE2E /* [CP] Check Pods Manifest.lock */,
				FD10A7F022414F080027D42C /* Start Packager */,
				13B07F871A680F5B00A75B9A /* Sources */,
				13B07F8C1A680F5B00A75B9A /* Frameworks */,
				13B07F8E1A680F5B00A75B9A /* Resources */,
				00DD1BFF1BD5951E006B06BC /* Bundle React Native code and images */,
				800E24972A6A228C8D4807E9 /* [CP] Copy Pods Resources */,
			);
			buildRules = (
			);
			dependencies = (
			);
			name = bkApp;
			productName = bkApp;
			productReference = 13B07F961A680F5B00A75B9A /* bkApp.app */;
			productType = "com.apple.product-type.application";
		};
/* End PBXNativeTarget section */

/* Begin PBXProject section */
		83CBB9F71A601CBA00E9B192 /* Project object */ = {
			isa = PBXProject;
			attributes = {
				LastUpgradeCheck = 1130;
				TargetAttributes = {
					13B07F861A680F5B00A75B9A = {
						LastSwiftMigration = 1250;
					};
				};
			};
			buildConfigurationList = 83CBB9FA1A601CBA00E9B192 /* Build configuration list for PBXProject "bkApp" */;
			compatibilityVersion = "Xcode 3.2";
			developmentRegion = en;
			hasScannedForEncodings = 0;
			knownRegions = (
				en,
				Base,
			);
			mainGroup = 83CBB9F61A601CBA00E9B192;
			productRefGroup = 83CBBA001A601CBA00E9B192 /* Products */;
			projectDirPath = "";
			projectRoot = "";
			targets = (
				13B07F861A680F5B00A75B9A /* bkApp */,
			);
		};
/* End PBXProject section */

/* Begin PBXResourcesBuildPhase section */
		13B07F8E1A680F5B00A75B9A /* Resources */ = {
			isa = PBXResourcesBuildPhase;
			buildActionMask = 2147483647;
			files = (
				BB2F792D24A3F905000567C9 /* Expo.plist in Resources */,
				13B07FBF1A68108700A75B9A /* Images.xcassets in Resources */,
				3E461D99554A48A4959DE609 /* SplashScreen.storyboard in Resources */,
				079D308E68874CAFB868FF91 /* FlameBold.otf in Resources */,
				023B64C2B2CE4D55A22159BC /* Uniform Black.otf in Resources */,
				9EF37B11516249CB8B417793 /* Uniform Bold.otf in Resources */,
				DBB818C808974E4CADD46A50 /* Uniform Condensed Black.otf in Resources */,
				03E4BA41AB564177B00EFC7E /* Uniform Condensed Bold.otf in Resources */,
				5F4CACCD801E419D926000EB /* Uniform Condensed Light.otf in Resources */,
				1DC3A012EEBD487A89324F07 /* Uniform Condensed Medium.otf in Resources */,
				420B97EAB10443AAA789531C /* Uniform Condensed Ultra.otf in Resources */,
				71B91BF0A1F749CF9BD1A210 /* Uniform Condensed.otf in Resources */,
				4D76FA52FC014756ABEA7C7E /* Uniform Extra Condensed Black.otf in Resources */,
				803B9415224C4322999408C8 /* Uniform Extra Condensed Bold.otf in Resources */,
				741A0CCB50D247BD9440B5A4 /* Uniform Extra Condensed Light.otf in Resources */,
				A332E19F72564971847271D1 /* Uniform Extra Condensed Medium.otf in Resources */,
				F67C99DC266841C4895670C2 /* Uniform Extra Condensed Ultra.otf in Resources */,
				0877679686C8487EA16ABF39 /* Uniform Extra Condensed.otf in Resources */,
				B5398EC7DA9848E592C69BA1 /* Uniform Light.otf in Resources */,
				E1922284E6DF4964BEE33A23 /* Uniform Medium.otf in Resources */,
				5A340970C96B40F3A36AAED5 /* Uniform Ultra.otf in Resources */,
				EC0FA8EC2C39459EA7E6B4D3 /* Uniform.otf in Resources */,
				608F19E19CE1471CBBCA13B0 /* Insanibc.ttf in Resources */,
				EF766C25BB4C41DBB575BBA0 /* Insanibu.ttf in Resources */,
				6204C94174CB4C45B7EF8410 /* bkApp-Bridging-Header.h in Resources */,
			);
			runOnlyForDeploymentPostprocessing = 0;
		};
/* End PBXResourcesBuildPhase section */

/* Begin PBXShellScriptBuildPhase section */
		00DD1BFF1BD5951E006B06BC /* Bundle React Native code and images */ = {
			isa = PBXShellScriptBuildPhase;
			buildActionMask = 2147483647;
			files = (
			);
			inputPaths = (
			);
			name = "Bundle React Native code and images";
			outputPaths = (
			);
			runOnlyForDeploymentPostprocessing = 0;
			shellPath = /bin/sh;
			shellScript = "if [[ -f \"$PODS_ROOT/../.xcode.env\" ]]; then\n  source \"$PODS_ROOT/../.xcode.env\"\nfi\nif [[ -f \"$PODS_ROOT/../.xcode.env.local\" ]]; then\n  source \"$PODS_ROOT/../.xcode.env.local\"\nfi\n\n# The project root by default is one level up from the ios directory\nexport PROJECT_ROOT=\"$PROJECT_DIR\"/..\n\nif [[ \"$CONFIGURATION\" = *Debug* ]]; then\n  export SKIP_BUNDLING=1\nfi\nif [[ -z \"$ENTRY_FILE\" ]]; then\n  # Set the entry JS file using the bundler's entry resolution.\n  export ENTRY_FILE=\"$(\"$NODE_BINARY\" -e \"require('expo/scripts/resolveAppEntry')\" \"$PROJECT_ROOT\" ios relative | tail -n 1)\"\nfi\n\nif [[ -z \"$CLI_PATH\" ]]; then\n  # Use Expo CLI\n  export CLI_PATH=\"$(\"$NODE_BINARY\" --print \"require.resolve('@expo/cli')\")\"\nfi\nif [[ -z \"$BUNDLE_COMMAND\" ]]; then\n  # Default Expo CLI command for bundling\n  export BUNDLE_COMMAND=\"export:embed\"\nfi\n\n`\"$NODE_BINARY\" --print \"require('path').dirname(require.resolve('react-native/package.json')) + '/scripts/react-native-xcode.sh'\"`\n\n";
		};
		08A4A3CD28434E44B6B9DE2E /* [CP] Check Pods Manifest.lock */ = {
			isa = PBXShellScriptBuildPhase;
			buildActionMask = 2147483647;
			files = (
			);
			inputFileListPaths = (
			);
			inputPaths = (
				"${PODS_PODFILE_DIR_PATH}/Podfile.lock",
				"${PODS_ROOT}/Manifest.lock",
			);
			name = "[CP] Check Pods Manifest.lock";
			outputFileListPaths = (
			);
			outputPaths = (
				"$(DERIVED_FILE_DIR)/Pods-bkApp-checkManifestLockResult.txt",
			);
			runOnlyForDeploymentPostprocessing = 0;
			shellPath = /bin/sh;
			shellScript = "diff \"${PODS_PODFILE_DIR_PATH}/Podfile.lock\" \"${PODS_ROOT}/Manifest.lock\" > /dev/null\nif [ $? != 0 ] ; then\n    # print error to STDERR\n    echo \"error: The sandbox is not in sync with the Podfile.lock. Run 'pod install' or update your CocoaPods installation.\" >&2\n    exit 1\nfi\n# This output is used by Xcode 'outputs' to avoid re-running this script phase.\necho \"SUCCESS\" > \"${SCRIPT_OUTPUT_FILE_0}\"\n";
			showEnvVarsInLog = 0;
		};
		800E24972A6A228C8D4807E9 /* [CP] Copy Pods Resources */ = {
			isa = PBXShellScriptBuildPhase;
			buildActionMask = 2147483647;
			files = (
			);
			inputPaths = (
				"${PODS_ROOT}/Target Support Files/Pods-bkApp/Pods-bkApp-resources.sh",
				"${PODS_CONFIGURATION_BUILD_DIR}/EXConstants/EXConstants.bundle",
				"${PODS_CONFIGURATION_BUILD_DIR}/EXUpdates/EXUpdates.bundle",
				"${PODS_CONFIGURATION_BUILD_DIR}/React-Core/AccessibilityResources.bundle",
			);
			name = "[CP] Copy Pods Resources";
			outputPaths = (
				"${TARGET_BUILD_DIR}/${UNLOCALIZED_RESOURCES_FOLDER_PATH}/EXConstants.bundle",
				"${TARGET_BUILD_DIR}/${UNLOCALIZED_RESOURCES_FOLDER_PATH}/EXUpdates.bundle",
				"${TARGET_BUILD_DIR}/${UNLOCALIZED_RESOURCES_FOLDER_PATH}/AccessibilityResources.bundle",
			);
			runOnlyForDeploymentPostprocessing = 0;
			shellPath = /bin/sh;
			shellScript = "\"${PODS_ROOT}/Target Support Files/Pods-bkApp/Pods-bkApp-resources.sh\"\n";
			showEnvVarsInLog = 0;
		};
		FD10A7F022414F080027D42C /* Start Packager */ = {
			isa = PBXShellScriptBuildPhase;
			buildActionMask = 2147483647;
			files = (
			);
			inputFileListPaths = (
			);
			inputPaths = (
			);
			name = "Start Packager";
			outputFileListPaths = (
			);
			outputPaths = (
			);
			runOnlyForDeploymentPostprocessing = 0;
			shellPath = /bin/sh;
			shellScript = "if [[ -f \"$PODS_ROOT/../.xcode.env\" ]]; then\n  source \"$PODS_ROOT/../.xcode.env\"\nfi\nif [[ -f \"$PODS_ROOT/../.xcode.env.local\" ]]; then\n  source \"$PODS_ROOT/../.xcode.env.local\"\nfi\n\nexport RCT_METRO_PORT=\"${RCT_METRO_PORT:=8081}\"\necho \"export RCT_METRO_PORT=${RCT_METRO_PORT}\" > `$NODE_BINARY --print \"require('path').dirname(require.resolve('react-native/package.json')) + '/scripts/.packager.env'\"`\nif [ -z \"${RCT_NO_LAUNCH_PACKAGER+xxx}\" ] ; then\n  if nc -w 5 -z localhost ${RCT_METRO_PORT} ; then\n    if ! curl -s \"http://localhost:${RCT_METRO_PORT}/status\" | grep -q \"packager-status:running\" ; then\n      echo \"Port ${RCT_METRO_PORT} already in use, packager is either not running or not running correctly\"\n      exit 2\n    fi\n  else\n    open `$NODE_BINARY --print \"require('path').dirname(require.resolve('expo/package.json')) + '/scripts/launchPackager.command'\"` || echo \"Can't start packager automatically\"\n  fi\nfi\n";
			showEnvVarsInLog = 0;
		};
/* End PBXShellScriptBuildPhase section */

/* Begin PBXSourcesBuildPhase section */
		13B07F871A680F5B00A75B9A /* Sources */ = {
			isa = PBXSourcesBuildPhase;
			buildActionMask = 2147483647;
			files = (
				13B07FBC1A68108700A75B9A /* AppDelegate.mm in Sources */,
				13B07FC11A68108700A75B9A /* main.m in Sources */,
				B18059E884C0ABDD17F3DC3D /* ExpoModulesProvider.swift in Sources */,
				EDA2309BEAF0428681633BE0 /* noop-file.swift in Sources */,
			);
			runOnlyForDeploymentPostprocessing = 0;
		};
/* End PBXSourcesBuildPhase section */

/* Begin XCBuildConfiguration section */
		13B07F941A680F5B00A75B9A /* Debug */ = {
			isa = XCBuildConfiguration;
			baseConfigurationReference = 6C2E3173556A471DD304B334 /* Pods-bkApp.debug.xcconfig */;
			buildSettings = {
				ASSETCATALOG_COMPILER_APPICON_NAME = AppIcon;
				CLANG_ENABLE_MODULES = YES;
				CURRENT_PROJECT_VERSION = 1;
				ENABLE_BITCODE = NO;
				GCC_PREPROCESSOR_DEFINITIONS = (
					"$(inherited)",
					"FB_SONARKIT_ENABLED=1",
				);
				INFOPLIST_FILE = bkApp/Info.plist;
				IPHONEOS_DEPLOYMENT_TARGET = 13.0;
				LD_RUNPATH_SEARCH_PATHS = "$(inherited) @executable_path/Frameworks";
				MARKETING_VERSION = 1.0;
				OTHER_LDFLAGS = (
					"$(inherited)",
					"-ObjC",
					"-lc++",
				);
				PRODUCT_BUNDLE_IDENTIFIER = "com.mohatron.bkApp";
				PRODUCT_NAME = "bkApp";
				SWIFT_OPTIMIZATION_LEVEL = "-Onone";
				SWIFT_VERSION = 5.0;
				VERSIONING_SYSTEM = "apple-generic";
				TARGETED_DEVICE_FAMILY = "1";
				SWIFT_OBJC_BRIDGING_HEADER = bkApp/bkApp-Bridging-Header.h;
				CODE_SIGN_ENTITLEMENTS = bkApp/bkApp.entitlements;
			};
			name = Debug;
		};
		13B07F951A680F5B00A75B9A /* Release */ = {
			isa = XCBuildConfiguration;
			baseConfigurationReference = 7A4D352CD337FB3A3BF06240 /* Pods-bkApp.release.xcconfig */;
			buildSettings = {
				ASSETCATALOG_COMPILER_APPICON_NAME = AppIcon;
				CLANG_ENABLE_MODULES = YES;
				CURRENT_PROJECT_VERSION = 1;
				INFOPLIST_FILE = bkApp/Info.plist;
				IPHONEOS_DEPLOYMENT_TARGET = 13.0;
				LD_RUNPATH_SEARCH_PATHS = "$(inherited) @executable_path/Frameworks";
				MARKETING_VERSION = 1.0;
				OTHER_LDFLAGS = (
					"$(inherited)",
					"-ObjC",
					"-lc++",
				);
				PRODUCT_BUNDLE_IDENTIFIER = "com.mohatron.bkApp";
				PRODUCT_NAME = "bkApp";
				SWIFT_VERSION = 5.0;
				VERSIONING_SYSTEM = "apple-generic";
				TARGETED_DEVICE_FAMILY = "1";
				SWIFT_OBJC_BRIDGING_HEADER = bkApp/bkApp-Bridging-Header.h;
				CODE_SIGN_ENTITLEMENTS = bkApp/bkApp.entitlements;
			};
			name = Release;
		};
		83CBBA201A601CBA00E9B192 /* Debug */ = {
			isa = XCBuildConfiguration;
			buildSettings = {
				ALWAYS_SEARCH_USER_PATHS = NO;
				CLANG_ANALYZER_LOCALIZABILITY_NONLOCALIZED = YES;
				CLANG_CXX_LANGUAGE_STANDARD = "c++17";
				CLANG_CXX_LIBRARY = "libc++";
				CLANG_ENABLE_MODULES = YES;
				CLANG_ENABLE_OBJC_ARC = YES;
				CLANG_WARN_BLOCK_CAPTURE_AUTORELEASING = YES;
				CLANG_WARN_BOOL_CONVERSION = YES;
				CLANG_WARN_COMMA = YES;
				CLANG_WARN_CONSTANT_CONVERSION = YES;
				CLANG_WARN_DEPRECATED_OBJC_IMPLEMENTATIONS = YES;
				CLANG_WARN_DIRECT_OBJC_ISA_USAGE = YES_ERROR;
				CLANG_WARN_EMPTY_BODY = YES;
				CLANG_WARN_ENUM_CONVERSION = YES;
				CLANG_WARN_INFINITE_RECURSION = YES;
				CLANG_WARN_INT_CONVERSION = YES;
				CLANG_WARN_NON_LITERAL_NULL_CONVERSION = YES;
				CLANG_WARN_OBJC_IMPLICIT_RETAIN_SELF = YES;
				CLANG_WARN_OBJC_LITERAL_CONVERSION = YES;
				CLANG_WARN_OBJC_ROOT_CLASS = YES_ERROR;
				CLANG_WARN_RANGE_LOOP_ANALYSIS = YES;
				CLANG_WARN_STRICT_PROTOTYPES = YES;
				CLANG_WARN_SUSPICIOUS_MOVE = YES;
				CLANG_WARN_UNREACHABLE_CODE = YES;
				CLANG_WARN__DUPLICATE_METHOD_MATCH = YES;
				"CODE_SIGN_IDENTITY[sdk=iphoneos*]" = "iPhone Developer";
				COPY_PHASE_STRIP = NO;
				ENABLE_STRICT_OBJC_MSGSEND = YES;
				ENABLE_TESTABILITY = YES;
				GCC_C_LANGUAGE_STANDARD = gnu99;
				GCC_DYNAMIC_NO_PIC = NO;
				GCC_NO_COMMON_BLOCKS = YES;
				GCC_OPTIMIZATION_LEVEL = 0;
				GCC_PREPROCESSOR_DEFINITIONS = (
					"DEBUG=1",
					"$(inherited)",
				);
				GCC_SYMBOLS_PRIVATE_EXTERN = NO;
				GCC_WARN_64_TO_32_BIT_CONVERSION = YES;
				GCC_WARN_ABOUT_RETURN_TYPE = YES_ERROR;
				GCC_WARN_UNDECLARED_SELECTOR = YES;
				GCC_WARN_UNINITIALIZED_AUTOS = YES_AGGRESSIVE;
				GCC_WARN_UNUSED_FUNCTION = YES;
				GCC_WARN_UNUSED_VARIABLE = YES;
				IPHONEOS_DEPLOYMENT_TARGET = 13.0;
				LD_RUNPATH_SEARCH_PATHS = "/usr/lib/swift $(inherited)";
				LIBRARY_SEARCH_PATHS = "\"$(inherited)\"";
				MTL_ENABLE_DEBUG_INFO = YES;
				ONLY_ACTIVE_ARCH = YES;
				SDKROOT = iphoneos;
			};
			name = Debug;
		};
		83CBBA211A601CBA00E9B192 /* Release */ = {
			isa = XCBuildConfiguration;
			buildSettings = {
				ALWAYS_SEARCH_USER_PATHS = NO;
				CLANG_ANALYZER_LOCALIZABILITY_NONLOCALIZED = YES;
				CLANG_CXX_LANGUAGE_STANDARD = "c++17";
				CLANG_CXX_LIBRARY = "libc++";
				CLANG_ENABLE_MODULES = YES;
				CLANG_ENABLE_OBJC_ARC = YES;
				CLANG_WARN_BLOCK_CAPTURE_AUTORELEASING = YES;
				CLANG_WARN_BOOL_CONVERSION = YES;
				CLANG_WARN_COMMA = YES;
				CLANG_WARN_CONSTANT_CONVERSION = YES;
				CLANG_WARN_DEPRECATED_OBJC_IMPLEMENTATIONS = YES;
				CLANG_WARN_DIRECT_OBJC_ISA_USAGE = YES_ERROR;
				CLANG_WARN_EMPTY_BODY = YES;
				CLANG_WARN_ENUM_CONVERSION = YES;
				CLANG_WARN_INFINITE_RECURSION = YES;
				CLANG_WARN_INT_CONVERSION = YES;
				CLANG_WARN_NON_LITERAL_NULL_CONVERSION = YES;
				CLANG_WARN_OBJC_IMPLICIT_RETAIN_SELF = YES;
				CLANG_WARN_OBJC_LITERAL_CONVERSION = YES;
				CLANG_WARN_OBJC_ROOT_CLASS = YES_ERROR;
				CLANG_WARN_RANGE_LOOP_ANALYSIS = YES;
				CLANG_WARN_STRICT_PROTOTYPES = YES;
				CLANG_WARN_SUSPICIOUS_MOVE = YES;
				CLANG_WARN_UNREACHABLE_CODE = YES;
				CLANG_WARN__DUPLICATE_METHOD_MATCH = YES;
				"CODE_SIGN_IDENTITY[sdk=iphoneos*]" = "iPhone Developer";
				COPY_PHASE_STRIP = YES;
				ENABLE_NS_ASSERTIONS = NO;
				ENABLE_STRICT_OBJC_MSGSEND = YES;
				GCC_C_LANGUAGE_STANDARD = gnu99;
				GCC_NO_COMMON_BLOCKS = YES;
				GCC_WARN_64_TO_32_BIT_CONVERSION = YES;
				GCC_WARN_ABOUT_RETURN_TYPE = YES_ERROR;
				GCC_WARN_UNDECLARED_SELECTOR = YES;
				GCC_WARN_UNINITIALIZED_AUTOS = YES_AGGRESSIVE;
				GCC_WARN_UNUSED_FUNCTION = YES;
				GCC_WARN_UNUSED_VARIABLE = YES;
				IPHONEOS_DEPLOYMENT_TARGET = 13.0;
				LD_RUNPATH_SEARCH_PATHS = "/usr/lib/swift $(inherited)";
				LIBRARY_SEARCH_PATHS = "\"$(inherited)\"";
				MTL_ENABLE_DEBUG_INFO = NO;
				SDKROOT = iphoneos;
				VALIDATE_PRODUCT = YES;
			};
			name = Release;
		};
/* End XCBuildConfiguration section */

/* Begin XCConfigurationList section */
		13B07F931A680F5B00A75B9A /* Build configuration list for PBXNativeTarget "bkApp" */ = {
			isa = XCConfigurationList;
			buildConfigurations = (
				13B07F941A680F5B00A75B9A /* Debug */,
				13B07F951A680F5B00A75B9A /* Release */,
			);
			defaultConfigurationIsVisible = 0;
			defaultConfigurationName = Release;
		};
		83CBB9FA1A601CBA00E9B192 /* Build configuration list for PBXProject "bkApp" */ = {
			isa = XCConfigurationList;
			buildConfigurations = (
				83CBBA201A601CBA00E9B192 /* Debug */,
				83CBBA211A601CBA00E9B192 /* Release */,
			);
			defaultConfigurationIsVisible = 0;
			defaultConfigurationName = Release;
		};
/* End XCConfigurationList section */
	};
	rootObject = 83CBB9F71A601CBA00E9B192 /* Project object */;
}
